
Microsoft Visual Studio Solution File, Format Version 12.00
# Visual Studio Version 17
VisualStudioVersion = 17.7.34031.279
MinimumVisualStudioVersion = 10.0.40219.1
Project("{FAE04EC0-301F-11D3-BF4B-00C04F79EFBC}") = "E-CommerceAutomation_SpecFlow", "E-CommerceAutomation_SpecFlow\E-CommerceAutomation_SpecFlow.csproj", "{1F2684F4-AAE0-4CBD-ABCF-1479DEBDDF69}"
EndProject
Global
	GlobalSection(SolutionConfigurationPlatforms) = preSolution
		Debug|Any CPU = Debug|Any CPU
		Release|Any CPU = Release|Any CPU
	EndGlobalSection
	GlobalSection(ProjectConfigurationPlatforms) = postSolution
		{1F2684F4-AAE0-4CBD-ABCF-1479DEBDDF69}.Debug|Any CPU.ActiveCfg = Debug|Any CPU
		{1F2684F4-AAE0-4CBD-ABCF-1479DEBDDF69}.Debug|Any CPU.Build.0 = Debug|Any CPU
		{1F2684F4-AAE0-4CBD-ABCF-1479DEBDDF69}.Release|Any CPU.ActiveCfg = Release|Any CPU
		{1F2684F4-AAE0-4CBD-ABCF-1479DEBDDF69}.Release|Any CPU.Build.0 = Release|Any CPU
	EndGlobalSection
	GlobalSection(SolutionProperties) = preSolution
		HideSolutionNode = FALSE
	EndGlobalSection
	GlobalSection(ExtensibilityGlobals) = postSolution
		SolutionGuid = {3AA3B020-8723-4BFA-BC51-2DA6A4D3B4A6}
	EndGlobalSection
EndGlobal
